
Microsoft Visual Studio Solution File, Format Version 12.00
# Visual Studio Version 17
VisualStudioVersion = 17.9.34622.214
MinimumVisualStudioVersion = 10.0.40219.1
Project("{FAE04EC0-301F-11D3-BF4B-00C04F79EFBC}") = "Arrays", "Arrays\Arrays.csproj", "{B95B2A95-8A5D-44AC-949B-CF9BEF63253D}"
EndProject
Global
	GlobalSection(SolutionConfigurationPlatforms) = preSolution
		Debug|Any CPU = Debug|Any CPU
		Release|Any CPU = Release|Any CPU
	EndGlobalSection
	GlobalSection(ProjectConfigurationPlatforms) = postSolution
		{B95B2A95-8A5D-44AC-949B-CF9BEF63253D}.Debug|Any CPU.ActiveCfg = Debug|Any CPU
		{B95B2A95-8A5D-44AC-949B-CF9BEF63253D}.Debug|Any CPU.Build.0 = Debug|Any CPU
		{B95B2A95-8A5D-44AC-949B-CF9BEF63253D}.Release|Any CPU.ActiveCfg = Release|Any CPU
		{B95B2A95-8A5D-44AC-949B-CF9BEF63253D}.Release|Any CPU.Build.0 = Release|Any CPU
	EndGlobalSection
	GlobalSection(SolutionProperties) = preSolution
		HideSolutionNode = FALSE
	EndGlobalSection
	GlobalSection(ExtensibilityGlobals) = postSolution
		SolutionGuid = {39AFE14E-D0C8-442D-8209-716090789455}
	EndGlobalSection
EndGlobal
